
Microsoft Visual Studio Solution File, Format Version 12.00
# Visual Studio 15
VisualStudioVersion = 15.0.28307.329
MinimumVisualStudioVersion = 10.0.40219.1
Project("{FAE04EC0-301F-11D3-BF4B-00C04F79EFBC}") = "WebMVCDemoApplication", "WebMVCDemoApplication\WebMVCDemoApplication.csproj", "{EA055D90-22D1-4541-9BB6-E0328C1C54C4}"
EndProject
Project("{FAE04EC0-301F-11D3-BF4B-00C04F79EFBC}") = "WebMVCDemoApplication.Tests", "WebMVCDemoApplication.Tests\WebMVCDemoApplication.Tests.csproj", "{4E1CBBC9-2036-43E0-9508-53FAAF1ADDBF}"
EndProject
Project("{2150E333-8FDC-42A3-9474-1A3956D46DE8}") = "CodeNote", "CodeNote", "{80606739-219E-4EB2-A997-4FDED65886C7}"
	ProjectSection(SolutionItems) = preProject
		..\..\..\..\Desktop\01.png = ..\..\..\..\Desktop\01.png
		..\..\..\..\Desktop\640.png = ..\..\..\..\Desktop\640.png
		..\..\..\..\Desktop\641.png = ..\..\..\..\Desktop\641.png
		..\..\..\..\Desktop\642.png = ..\..\..\..\Desktop\642.png
		..\..\..\..\Desktop\643.png = ..\..\..\..\Desktop\643.png
		..\..\..\..\Desktop\i0.png = ..\..\..\..\Desktop\i0.png
		..\..\..\..\Desktop\i1.png = ..\..\..\..\Desktop\i1.png
		..\..\..\..\Desktop\i2.png = ..\..\..\..\Desktop\i2.png
		..\..\..\..\Desktop\i3.png = ..\..\..\..\Desktop\i3.png
		..\..\..\..\Desktop\i4.png = ..\..\..\..\Desktop\i4.png
		..\..\..\..\Desktop\i5.png = ..\..\..\..\Desktop\i5.png
		note.md = note.md
	EndProjectSection
EndProject
Global
	GlobalSection(SolutionConfigurationPlatforms) = preSolution
		Debug|Any CPU = Debug|Any CPU
		Release|Any CPU = Release|Any CPU
	EndGlobalSection
	GlobalSection(ProjectConfigurationPlatforms) = postSolution
		{EA055D90-22D1-4541-9BB6-E0328C1C54C4}.Debug|Any CPU.ActiveCfg = Debug|Any CPU
		{EA055D90-22D1-4541-9BB6-E0328C1C54C4}.Debug|Any CPU.Build.0 = Debug|Any CPU
		{EA055D90-22D1-4541-9BB6-E0328C1C54C4}.Release|Any CPU.ActiveCfg = Release|Any CPU
		{EA055D90-22D1-4541-9BB6-E0328C1C54C4}.Release|Any CPU.Build.0 = Release|Any CPU
		{4E1CBBC9-2036-43E0-9508-53FAAF1ADDBF}.Debug|Any CPU.ActiveCfg = Debug|Any CPU
		{4E1CBBC9-2036-43E0-9508-53FAAF1ADDBF}.Debug|Any CPU.Build.0 = Debug|Any CPU
		{4E1CBBC9-2036-43E0-9508-53FAAF1ADDBF}.Release|Any CPU.ActiveCfg = Release|Any CPU
		{4E1CBBC9-2036-43E0-9508-53FAAF1ADDBF}.Release|Any CPU.Build.0 = Release|Any CPU
	EndGlobalSection
	GlobalSection(SolutionProperties) = preSolution
		HideSolutionNode = FALSE
	EndGlobalSection
	GlobalSection(ExtensibilityGlobals) = postSolution
		SolutionGuid = {36D69141-7B91-4001-BE01-C5D14DE7C675}
	EndGlobalSection
EndGlobal
